
Microsoft Visual Studio Solution File, Format Version 12.00
# Visual Studio Version 17
VisualStudioVersion = 17.5.002.0
MinimumVisualStudioVersion = 10.0.40219.1
Project("{2150E333-8FDC-42A3-9474-1A3956D46DE8}") = "csharp-prep", "csharp-prep", "{FA049719-F161-4FD7-A786-4360C5916D70}"
EndProject
Project("{9A19103F-16F7-4668-BE54-9A1E7A4F7556}") = "Prep1", "csharp-prep\Prep1\Prep1.csproj", "{E4975F11-4C62-4836-A5DC-FC201961F3AD}"
EndProject
Project("{9A19103F-16F7-4668-BE54-9A1E7A4F7556}") = "Prep2", "csharp-prep\Prep2\Prep2.csproj", "{325177A9-15C3-45C4-97AE-C6E230DA7E58}"
EndProject
Project("{9A19103F-16F7-4668-BE54-9A1E7A4F7556}") = "Prep3", "csharp-prep\Prep3\Prep3.csproj", "{DA4CDD07-284D-42C8-8B30-4E47D1C03445}"
EndProject
Project("{9A19103F-16F7-4668-BE54-9A1E7A4F7556}") = "Prep4", "csharp-prep\Prep4\Prep4.csproj", "{C55D421D-82DD-49F9-9E6D-DE0ADB1772D0}"
EndProject
Project("{9A19103F-16F7-4668-BE54-9A1E7A4F7556}") = "Prep5", "csharp-prep\Prep5\Prep5.csproj", "{CBF4EFC6-D872-446D-A822-97398916D515}"
EndProject
Project("{2150E333-8FDC-42A3-9474-1A3956D46DE8}") = "final", "final", "{EE92B222-AB8B-42D1-B7C0-BE31D3322784}"
EndProject
Project("{9A19103F-16F7-4668-BE54-9A1E7A4F7556}") = "FinalProject", "final\FinalProject\FinalProject.csproj", "{86FB7FAC-B2EA-4819-874A-F5DF933D847B}"
EndProject
Project("{9A19103F-16F7-4668-BE54-9A1E7A4F7556}") = "Foundation1", "final\Foundation1\Foundation1.csproj", "{3373BF37-311A-49E2-B018-C8435CC55DCE}"
EndProject
Project("{9A19103F-16F7-4668-BE54-9A1E7A4F7556}") = "Foundation2", "final\Foundation2\Foundation2.csproj", "{2E0AA123-737E-40F0-BFF3-14787F1D46F4}"
EndProject
Project("{9A19103F-16F7-4668-BE54-9A1E7A4F7556}") = "Foundation3", "final\Foundation3\Foundation3.csproj", "{BFF75D4F-10AE-43B9-ADD7-8749743EEB51}"
EndProject
Project("{9A19103F-16F7-4668-BE54-9A1E7A4F7556}") = "Foundation4", "final\Foundation4\Foundation4.csproj", "{896B7F83-3446-4CD3-96BC-24CCBE6CC930}"
EndProject
Project("{2150E333-8FDC-42A3-9474-1A3956D46DE8}") = "prepare", "prepare", "{BC89D902-F2BB-44EC-A285-7FC3F1A7F011}"
EndProject
Project("{9A19103F-16F7-4668-BE54-9A1E7A4F7556}") = "Learning02", "prepare\Learning02\Learning02.csproj", "{22CF205B-8B73-4CB5-A1E4-6D8AF7385317}"
EndProject
Project("{9A19103F-16F7-4668-BE54-9A1E7A4F7556}") = "Learning03", "prepare\Learning03\Learning03.csproj", "{82F1C47D-C714-45E2-9B0C-7C88B7BCD0F3}"
EndProject
Project("{9A19103F-16F7-4668-BE54-9A1E7A4F7556}") = "Learning04", "prepare\Learning04\Learning04.csproj", "{36CF28DD-D006-4D02-B8D0-42370ED1871D}"
EndProject
Project("{9A19103F-16F7-4668-BE54-9A1E7A4F7556}") = "Learning05", "prepare\Learning05\Learning05.csproj", "{983B4FDB-822B-4A04-BCFA-C7632C948DBD}"
EndProject
Project("{2150E333-8FDC-42A3-9474-1A3956D46DE8}") = "prove", "prove", "{132B7A64-EED3-4A7B-9FD5-412403023EBC}"
EndProject
Project("{9A19103F-16F7-4668-BE54-9A1E7A4F7556}") = "Develop02", "prove\Develop02\Develop02.csproj", "{8040C10C-94F3-466B-9579-9EFC57BC730A}"
EndProject
Project("{9A19103F-16F7-4668-BE54-9A1E7A4F7556}") = "Develop03", "prove\Develop03\Develop03.csproj", "{4F8557F1-972F-44E8-B73E-66F01776244A}"
EndProject
Project("{9A19103F-16F7-4668-BE54-9A1E7A4F7556}") = "Develop04", "prove\Develop04\Develop04.csproj", "{6E7C4290-87FD-4B47-A743-9349A9D92349}"
EndProject
Project("{9A19103F-16F7-4668-BE54-9A1E7A4F7556}") = "Develop05", "prove\Develop05\Develop05.csproj", "{D6CB3847-344C-4391-A84B-AECEA7B33784}"
EndProject
Project("{2150E333-8FDC-42A3-9474-1A3956D46DE8}") = "sandbox", "sandbox", "{A809D44D-4371-46B4-88D1-1DAD0CC8CF7B}"
EndProject
Project("{9A19103F-16F7-4668-BE54-9A1E7A4F7556}") = "Sandbox", "sandbox\Sandbox\Sandbox.csproj", "{93D5BFE5-6068-49CD-B0C0-0A8A4C1174FB}"
EndProject
Global
	GlobalSection(SolutionConfigurationPlatforms) = preSolution
		Debug|Any CPU = Debug|Any CPU
		Release|Any CPU = Release|Any CPU
	EndGlobalSection
	GlobalSection(ProjectConfigurationPlatforms) = postSolution
		{E4975F11-4C62-4836-A5DC-FC201961F3AD}.Debug|Any CPU.ActiveCfg = Debug|Any CPU
		{E4975F11-4C62-4836-A5DC-FC201961F3AD}.Debug|Any CPU.Build.0 = Debug|Any CPU
		{E4975F11-4C62-4836-A5DC-FC201961F3AD}.Release|Any CPU.ActiveCfg = Release|Any CPU
		{E4975F11-4C62-4836-A5DC-FC201961F3AD}.Release|Any CPU.Build.0 = Release|Any CPU
		{325177A9-15C3-45C4-97AE-C6E230DA7E58}.Debug|Any CPU.ActiveCfg = Debug|Any CPU
		{325177A9-15C3-45C4-97AE-C6E230DA7E58}.Debug|Any CPU.Build.0 = Debug|Any CPU
		{325177A9-15C3-45C4-97AE-C6E230DA7E58}.Release|Any CPU.ActiveCfg = Release|Any CPU
		{325177A9-15C3-45C4-97AE-C6E230DA7E58}.Release|Any CPU.Build.0 = Release|Any CPU
		{DA4CDD07-284D-42C8-8B30-4E47D1C03445}.Debug|Any CPU.ActiveCfg = Debug|Any CPU
		{DA4CDD07-284D-42C8-8B30-4E47D1C03445}.Debug|Any CPU.Build.0 = Debug|Any CPU
		{DA4CDD07-284D-42C8-8B30-4E47D1C03445}.Release|Any CPU.ActiveCfg = Release|Any CPU
		{DA4CDD07-284D-42C8-8B30-4E47D1C03445}.Release|Any CPU.Build.0 = Release|Any CPU
		{C55D421D-82DD-49F9-9E6D-DE0ADB1772D0}.Debug|Any CPU.ActiveCfg = Debug|Any CPU
		{C55D421D-82DD-49F9-9E6D-DE0ADB1772D0}.Debug|Any CPU.Build.0 = Debug|Any CPU
		{C55D421D-82DD-49F9-9E6D-DE0ADB1772D0}.Release|Any CPU.ActiveCfg = Release|Any CPU
		{C55D421D-82DD-49F9-9E6D-DE0ADB1772D0}.Release|Any CPU.Build.0 = Release|Any CPU
		{CBF4EFC6-D872-446D-A822-97398916D515}.Debug|Any CPU.ActiveCfg = Debug|Any CPU
		{CBF4EFC6-D872-446D-A822-97398916D515}.Debug|Any CPU.Build.0 = Debug|Any CPU
		{CBF4EFC6-D872-446D-A822-97398916D515}.Release|Any CPU.ActiveCfg = Release|Any CPU
		{CBF4EFC6-D872-446D-A822-97398916D515}.Release|Any CPU.Build.0 = Release|Any CPU
		{86FB7FAC-B2EA-4819-874A-F5DF933D847B}.Debug|Any CPU.ActiveCfg = Debug|Any CPU
		{86FB7FAC-B2EA-4819-874A-F5DF933D847B}.Debug|Any CPU.Build.0 = Debug|Any CPU
		{86FB7FAC-B2EA-4819-874A-F5DF933D847B}.Release|Any CPU.ActiveCfg = Release|Any CPU
		{86FB7FAC-B2EA-4819-874A-F5DF933D847B}.Release|Any CPU.Build.0 = Release|Any CPU
		{3373BF37-311A-49E2-B018-C8435CC55DCE}.Debug|Any CPU.ActiveCfg = Debug|Any CPU
		{3373BF37-311A-49E2-B018-C8435CC55DCE}.Debug|Any CPU.Build.0 = Debug|Any CPU
		{3373BF37-311A-49E2-B018-C8435CC55DCE}.Release|Any CPU.ActiveCfg = Release|Any CPU
		{3373BF37-311A-49E2-B018-C8435CC55DCE}.Release|Any CPU.Build.0 = Release|Any CPU
		{2E0AA123-737E-40F0-BFF3-14787F1D46F4}.Debug|Any CPU.ActiveCfg = Debug|Any CPU
		{2E0AA123-737E-40F0-BFF3-14787F1D46F4}.Debug|Any CPU.Build.0 = Debug|Any CPU
		{2E0AA123-737E-40F0-BFF3-14787F1D46F4}.Release|Any CPU.ActiveCfg = Release|Any CPU
		{2E0AA123-737E-40F0-BFF3-14787F1D46F4}.Release|Any CPU.Build.0 = Release|Any CPU
		{BFF75D4F-10AE-43B9-ADD7-8749743EEB51}.Debug|Any CPU.ActiveCfg = Debug|Any CPU
		{BFF75D4F-10AE-43B9-ADD7-8749743EEB51}.Debug|Any CPU.Build.0 = Debug|Any CPU
		{BFF75D4F-10AE-43B9-ADD7-8749743EEB51}.Release|Any CPU.ActiveCfg = Release|Any CPU
		{BFF75D4F-10AE-43B9-ADD7-8749743EEB51}.Release|Any CPU.Build.0 = Release|Any CPU
		{896B7F83-3446-4CD3-96BC-24CCBE6CC930}.Debug|Any CPU.ActiveCfg = Debug|Any CPU
		{896B7F83-3446-4CD3-96BC-24CCBE6CC930}.Debug|Any CPU.Build.0 = Debug|Any CPU
		{896B7F83-3446-4CD3-96BC-24CCBE6CC930}.Release|Any CPU.ActiveCfg = Release|Any CPU
		{896B7F83-3446-4CD3-96BC-24CCBE6CC930}.Release|Any CPU.Build.0 = Release|Any CPU
		{22CF205B-8B73-4CB5-A1E4-6D8AF7385317}.Debug|Any CPU.ActiveCfg = Debug|Any CPU
		{22CF205B-8B73-4CB5-A1E4-6D8AF7385317}.Debug|Any CPU.Build.0 = Debug|Any CPU
		{22CF205B-8B73-4CB5-A1E4-6D8AF7385317}.Release|Any CPU.ActiveCfg = Release|Any CPU
		{22CF205B-8B73-4CB5-A1E4-6D8AF7385317}.Release|Any CPU.Build.0 = Release|Any CPU
		{82F1C47D-C714-45E2-9B0C-7C88B7BCD0F3}.Debug|Any CPU.ActiveCfg = Debug|Any CPU
		{82F1C47D-C714-45E2-9B0C-7C88B7BCD0F3}.Debug|Any CPU.Build.0 = Debug|Any CPU
		{82F1C47D-C714-45E2-9B0C-7C88B7BCD0F3}.Release|Any CPU.ActiveCfg = Release|Any CPU
		{82F1C47D-C714-45E2-9B0C-7C88B7BCD0F3}.Release|Any CPU.Build.0 = Release|Any CPU
		{36CF28DD-D006-4D02-B8D0-42370ED1871D}.Debug|Any CPU.ActiveCfg = Debug|Any CPU
		{36CF28DD-D006-4D02-B8D0-42370ED1871D}.Debug|Any CPU.Build.0 = Debug|Any CPU
		{36CF28DD-D006-4D02-B8D0-42370ED1871D}.Release|Any CPU.ActiveCfg = Release|Any CPU
		{36CF28DD-D006-4D02-B8D0-42370ED1871D}.Release|Any CPU.Build.0 = Release|Any CPU
		{983B4FDB-822B-4A04-BCFA-C7632C948DBD}.Debug|Any CPU.ActiveCfg = Debug|Any CPU
		{983B4FDB-822B-4A04-BCFA-C7632C948DBD}.Debug|Any CPU.Build.0 = Debug|Any CPU
		{983B4FDB-822B-4A04-BCFA-C7632C948DBD}.Release|Any CPU.ActiveCfg = Release|Any CPU
		{983B4FDB-822B-4A04-BCFA-C7632C948DBD}.Release|Any CPU.Build.0 = Release|Any CPU
		{8040C10C-94F3-466B-9579-9EFC57BC730A}.Debug|Any CPU.ActiveCfg = Debug|Any CPU
		{8040C10C-94F3-466B-9579-9EFC57BC730A}.Debug|Any CPU.Build.0 = Debug|Any CPU
		{8040C10C-94F3-466B-9579-9EFC57BC730A}.Release|Any CPU.ActiveCfg = Release|Any CPU
		{8040C10C-94F3-466B-9579-9EFC57BC730A}.Release|Any CPU.Build.0 = Release|Any CPU
		{4F8557F1-972F-44E8-B73E-66F01776244A}.Debug|Any CPU.ActiveCfg = Debug|Any CPU
		{4F8557F1-972F-44E8-B73E-66F01776244A}.Debug|Any CPU.Build.0 = Debug|Any CPU
		{4F8557F1-972F-44E8-B73E-66F01776244A}.Release|Any CPU.ActiveCfg = Release|Any CPU
		{4F8557F1-972F-44E8-B73E-66F01776244A}.Release|Any CPU.Build.0 = Release|Any CPU
		{6E7C4290-87FD-4B47-A743-9349A9D92349}.Debug|Any CPU.ActiveCfg = Debug|Any CPU
		{6E7C4290-87FD-4B47-A743-9349A9D92349}.Debug|Any CPU.Build.0 = Debug|Any CPU
		{6E7C4290-87FD-4B47-A743-9349A9D92349}.Release|Any CPU.ActiveCfg = Release|Any CPU
		{6E7C4290-87FD-4B47-A743-9349A9D92349}.Release|Any CPU.Build.0 = Release|Any CPU
		{D6CB3847-344C-4391-A84B-AECEA7B33784}.Debug|Any CPU.ActiveCfg = Debug|Any CPU
		{D6CB3847-344C-4391-A84B-AECEA7B33784}.Debug|Any CPU.Build.0 = Debug|Any CPU
		{D6CB3847-344C-4391-A84B-AECEA7B33784}.Release|Any CPU.ActiveCfg = Release|Any CPU
		{D6CB3847-344C-4391-A84B-AECEA7B33784}.Release|Any CPU.Build.0 = Release|Any CPU
		{93D5BFE5-6068-49CD-B0C0-0A8A4C1174FB}.Debug|Any CPU.ActiveCfg = Debug|Any CPU
		{93D5BFE5-6068-49CD-B0C0-0A8A4C1174FB}.Debug|Any CPU.Build.0 = Debug|Any CPU
		{93D5BFE5-6068-49CD-B0C0-0A8A4C1174FB}.Release|Any CPU.ActiveCfg = Release|Any CPU
		{93D5BFE5-6068-49CD-B0C0-0A8A4C1174FB}.Release|Any CPU.Build.0 = Release|Any CPU
	EndGlobalSection
	GlobalSection(SolutionProperties) = preSolution
		HideSolutionNode = FALSE
	EndGlobalSection
	GlobalSection(NestedProjects) = preSolution
		{E4975F11-4C62-4836-A5DC-FC201961F3AD} = {FA049719-F161-4FD7-A786-4360C5916D70}
		{325177A9-15C3-45C4-97AE-C6E230DA7E58} = {FA049719-F161-4FD7-A786-4360C5916D70}
		{DA4CDD07-284D-42C8-8B30-4E47D1C03445} = {FA049719-F161-4FD7-A786-4360C5916D70}
		{C55D421D-82DD-49F9-9E6D-DE0ADB1772D0} = {FA049719-F161-4FD7-A786-4360C5916D70}
		{CBF4EFC6-D872-446D-A822-97398916D515} = {FA049719-F161-4FD7-A786-4360C5916D70}
		{86FB7FAC-B2EA-4819-874A-F5DF933D847B} = {EE92B222-AB8B-42D1-B7C0-BE31D3322784}
		{3373BF37-311A-49E2-B018-C8435CC55DCE} = {EE92B222-AB8B-42D1-B7C0-BE31D3322784}
		{2E0AA123-737E-40F0-BFF3-14787F1D46F4} = {EE92B222-AB8B-42D1-B7C0-BE31D3322784}
		{BFF75D4F-10AE-43B9-ADD7-8749743EEB51} = {EE92B222-AB8B-42D1-B7C0-BE31D3322784}
		{896B7F83-3446-4CD3-96BC-24CCBE6CC930} = {EE92B222-AB8B-42D1-B7C0-BE31D3322784}
		{22CF205B-8B73-4CB5-A1E4-6D8AF7385317} = {BC89D902-F2BB-44EC-A285-7FC3F1A7F011}
		{82F1C47D-C714-45E2-9B0C-7C88B7BCD0F3} = {BC89D902-F2BB-44EC-A285-7FC3F1A7F011}
		{36CF28DD-D006-4D02-B8D0-42370ED1871D} = {BC89D902-F2BB-44EC-A285-7FC3F1A7F011}
		{983B4FDB-822B-4A04-BCFA-C7632C948DBD} = {BC89D902-F2BB-44EC-A285-7FC3F1A7F011}
		{8040C10C-94F3-466B-9579-9EFC57BC730A} = {132B7A64-EED3-4A7B-9FD5-412403023EBC}
		{4F8557F1-972F-44E8-B73E-66F01776244A} = {132B7A64-EED3-4A7B-9FD5-412403023EBC}
		{6E7C4290-87FD-4B47-A743-9349A9D92349} = {132B7A64-EED3-4A7B-9FD5-412403023EBC}
		{D6CB3847-344C-4391-A84B-AECEA7B33784} = {132B7A64-EED3-4A7B-9FD5-412403023EBC}
		{93D5BFE5-6068-49CD-B0C0-0A8A4C1174FB} = {A809D44D-4371-46B4-88D1-1DAD0CC8CF7B}
	EndGlobalSection
	GlobalSection(ExtensibilityGlobals) = postSolution
		SolutionGuid = {1393493B-4AFE-44F3-A1D7-1B91228F6E69}
	EndGlobalSection
EndGlobal
